{
  "name": "angular-quickstart",
  "version": "1.0.0",
  "lockfileVersion": 1,
  "requires": true,
  "dependencies": {
    "@angular/common": {
      "version": "8.0.1",
      "resolved": "https://registry.npmjs.org/@angular/common/-/common-8.0.1.tgz",
      "integrity": "sha512-gBjgaQmYuX3/9S91RuJnolCFR1Q+yVqY/qVxyiR7Z+lU6EJ0tINsm4Z+W85pEgCc1tFe4JdE04mBZhwSV/69xQ==",
      "requires": {
        "tslib": "^1.9.0"
      }
    },
    "@angular/compiler": {
      "version": "8.0.1",
      "resolved": "https://registry.npmjs.org/@angular/compiler/-/compiler-8.0.1.tgz",
      "integrity": "sha512-AJed1Y3iZSZCq8RA4hfwkYkLcfkHoXAg+rX5WYxZ7D2wY7p3CLgBO4+l+b/2gHge5gjkLME83HhhMjE3ZjEb+A==",
      "requires": {
        "tslib": "^1.9.0"
      }
    },
    "@angular/core": {
      "version": "8.0.1",
      "resolved": "https://registry.npmjs.org/@angular/core/-/core-8.0.1.tgz",
      "integrity": "sha512-lUSYDztaoqpYq169MARIjtTIRuiCAioq875HQpwqApBY3zdSWPeFqU3LohUQnWq6bSVsAup5jn6Dc+juZ4YBNQ==",
      "requires": {
        "tslib": "^1.9.0"
      }
    },
    "@angular/forms": {
      "version": "8.0.1",
      "resolved": "https://registry.npmjs.org/@angular/forms/-/forms-8.0.1.tgz",
      "integrity": "sha512-Hv0EK29ihe5zGu2TJVnQ5gNpRrT0Xu5RZMjbtjHKuVohGnhZfZJDqGvw9RfIOYdpuUs6ofQZuMNO/8NWSX8qvQ==",
      "requires": {
        "tslib": "^1.9.0"
      }
    },
    "@angular/http": {
      "version": "7.2.15",
      "resolved": "https://registry.npmjs.org/@angular/http/-/http-7.2.15.tgz",
      "integrity": "sha512-TR7PEdmLWNIre3Zn8lvyb4lSrvPUJhKLystLnp4hBMcWsJqq5iK8S3bnlR4viZ9HMlf7bW7+Hm4SI6aB3tdUtw==",
      "requires": {
        "tslib": "^1.9.0"
      }
    },
    "@angular/platform-browser": {
      "version": "8.0.1",
      "resolved": "https://registry.npmjs.org/@angular/platform-browser/-/platform-browser-8.0.1.tgz",
      "integrity": "sha512-yDTRmZns+X7OPc6BJqzJ2jMLpqJv5Wnpwa/fVz50vcb7YXepkSqBX0ZT1KqBwJ9pFRfGZ1BJj5ZXXf2Shrv8Qg==",
      "requires": {
        "tslib": "^1.9.0"
      }
    },
    "@angular/platform-browser-dynamic": {
      "version": "8.0.1",
      "resolved": "https://registry.npmjs.org/@angular/platform-browser-dynamic/-/platform-browser-dynamic-8.0.1.tgz",
      "integrity": "sha512-OWU2ArHFMVRTOIi1Em04Z2yYzPJ3fT8h1zr+5JlK1USYD6PtwqPxnFnWuSJcgbaEf6euzvVTIWY8Bx1Qdi1xzw==",
      "requires": {
        "tslib": "^1.9.0"
      }
    },
    "@angular/router": {
      "version": "8.0.1",
      "resolved": "https://registry.npmjs.org/@angular/router/-/router-8.0.1.tgz",
      "integrity": "sha512-OfmPi0pa/C3l7cYjQEo6uWp7CCDH/4bDbvU6Bt7FnnVHqUI80Qu7sQq31pjipkZc71Ln5xr1NbKpE60Qn1Xveg==",
      "requires": {
        "tslib": "^1.9.0"
      }
    },
    "angular-in-memory-web-api": {
      "version": "0.8.0",
      "resolved": "https://registry.npmjs.org/angular-in-memory-web-api/-/angular-in-memory-web-api-0.8.0.tgz",
      "integrity": "sha512-2n0YtCLFxZo4JePHvH6q8b7JmBmhZq44Ic8VaBPRSXE4vAmlKXHU+kI2quNa612EAETDRkZcvLOU8K8CkhIZgQ=="
    },
    "core-js": {
      "version": "3.1.3",
      "resolved": "https://registry.npmjs.org/core-js/-/core-js-3.1.3.tgz",
      "integrity": "sha512-PWZ+ZfuaKf178BIAg+CRsljwjIMRV8MY00CbZczkR6Zk5LfkSkjGoaab3+bqRQWVITNZxQB7TFYz+CFcyuamvA=="
    },
    "fs-access": {
      "version": "1.0.1",
      "resolved": "https://registry.npmjs.org/fs-access/-/fs-access-1.0.1.tgz",
      "integrity": "sha1-1qh/JiJxzv6+wwxVNAf7mV2od3o=",
      "dev": true,
      "requires": {
        "null-check": "^1.0.0"
      }
    },
    "isexe": {
      "version": "2.0.0",
      "resolved": "https://registry.npmjs.org/isexe/-/isexe-2.0.0.tgz",
      "integrity": "sha1-6PvzdNxVb/iUehDcsFctYz8s+hA=",
      "dev": true
    },
    "karma-chrome-launcher": {
      "version": "2.2.0",
      "resolved": "https://registry.npmjs.org/karma-chrome-launcher/-/karma-chrome-launcher-2.2.0.tgz",
      "integrity": "sha512-uf/ZVpAabDBPvdPdveyk1EPgbnloPvFFGgmRhYLTDH7gEB4nZdSBk8yTU47w1g/drLSx5uMOkjKk7IWKfWg/+w==",
      "dev": true,
      "requires": {
        "fs-access": "^1.0.0",
        "which": "^1.2.1"
      }
    },
    "null-check": {
      "version": "1.0.0",
      "resolved": "https://registry.npmjs.org/null-check/-/null-check-1.0.0.tgz",
      "integrity": "sha1-l33/1xdgErnsMNKjnbXPcqBDnt0=",
      "dev": true
    },
    "rxjs": {
      "version": "6.5.2",
      "resolved": "https://registry.npmjs.org/rxjs/-/rxjs-6.5.2.tgz",
      "integrity": "sha512-HUb7j3kvb7p7eCUHE3FqjoDsC1xfZQ4AHFWfTKSpZ+sAhhz5X1WX0ZuUqWbzB2QhSLp3DoLUG+hMdEDKqWo2Zg==",
      "requires": {
        "tslib": "^1.9.0"
      }
    },
    "systemjs": {
      "version": "3.1.6",
      "resolved": "https://registry.npmjs.org/systemjs/-/systemjs-3.1.6.tgz",
      "integrity": "sha512-cXin4Z7FWf/eANmvuR5uE8qfPqMlkjyNZbayO/Mf3+AvSOegYY/3myiWgioKLOWUeB16if3VYqdk7HXXmgOL8Q=="
    },
    "tslib": {
      "version": "1.10.0",
      "resolved": "https://registry.npmjs.org/tslib/-/tslib-1.10.0.tgz",
      "integrity": "sha512-qOebF53frne81cf0S9B41ByenJ3/IuH8yJKngAX35CmiZySA0khhkovshKK+jGCaMnVomla7gVlIcc3EvKPbTQ=="
    },
    "which": {
      "version": "1.3.1",
      "resolved": "https://registry.npmjs.org/which/-/which-1.3.1.tgz",
      "integrity": "sha512-HxJdYWq1MTIQbJ3nw0cqssHoTNU267KlrDuGZ1WYlxDStUtKUhOaJmh112/TZmHxxUfuJqPXSOm7tDyas0OSIQ==",
      "dev": true,
      "requires": {
        "isexe": "^2.0.0"
      }
    },
    "zone.js": {
      "version": "0.9.1",
      "resolved": "https://registry.npmjs.org/zone.js/-/zone.js-0.9.1.tgz",
      "integrity": "sha512-GkPiJL8jifSrKReKaTZ5jkhrMEgXbXYC+IPo1iquBjayRa0q86w3Dipjn8b415jpitMExe9lV8iTsv8tk3DGag=="
    }
  }
}
